github.com/Masterminds/semver/v3 v3.1.1 h1:hLg3sBzpNErnxhQtUy/mmLR2I9foDujNK030IGemrRc=
github.com/Masterminds/semver/v3 v3.1.1/go.mod h1:VPu/7SZ7ePZ3QOrcuXROw5FAcLl4a0cBrbBpGY/8hQs=
github.com/Masterminds/semver/v3 v3.2.0 h1:3MEsd0SM6jqZojhjLWWeBY+Kcjy9i6MQAeY7YgDP83g=
github.com/Masterminds/semver/v3 v3.2.0/go.mod h1:qvl/7zhW3nngYb5+80sSMF+FG2BjYrf8m9wsX0PNOMQ=
github.com/aws/aws-cdk-go/awscdk v1.146.0-devpreview h1:TkGOqs4ca/cpH0y61Tf4KNicp4ckQWSh/5FB5Nj89/0=
github.com/aws/aws-cdk-go/awscdk v1.146.0-devpreview/go.mod h1:7RKOEfBvURXJSxVTg2pZsBwnGlLjbZB4wNTZYhgQVU0=
github.com/aws/aws-cdk-go/awscdk/v2 v2.14.0 h1:1xWEhJ1RTDN5+rTSx4FQ2IYPHm0O1mfXcaxvYzb+PIg=
github.com/aws/aws-cdk-go/awscdk/v2 v2.14.0/go.mod h1:EBLkGLkGx7DGQHTqth6V+0STQVzJbkrC7WlIQvy54Vs=
github.com/aws/aws-cdk-go/awscdk/v2 v2.65.0 h1:wTA4ZggFgg8jqYkOXeR3/dnGWqjB1zNo3tbwsZFs3FA=
github.com/aws/aws-cdk-go/awscdk/v2 v2.65.0/go.mod h1:QYmq/P6g1Qja3F3vT6+LHYCFlmUp6tlTqbB70uMTz44=
github.com/aws/constructs-go/constructs/v10 v10.0.9 h1:YGk+deTAD3rgyANybjOtaoVrjC7HZZtALeC872avWFQ=
github.com/aws/constructs-go/constructs/v10 v10.0.9/go.mod h1:RC6w8bOwxLmPX7Jfo9dkEZ9iVfgH4QnaVnfWvaNOHy0=
github.com/aws/constructs-go/constructs/v10 v10.1.249 h1:zlmGqbMdlOQMePB++ziVIr33EM/tRMeRHoRA0TUi8Xg=
github.com/aws/constructs-go/constructs/v10 v10.1.249/go.mod h1:NQCsWiRt2o0knY6ZhoQqJXQuvVOPuWOijrVWJH+FEzE=
github.com/aws/constructs-go/constructs/v3 v3.3.225 h1:S7vqrXrmOFkhgEZdLI1py5IGU0dqiFxQsYsiNeTLIys=
github.com/aws/constructs-go/constructs/v3 v3.3.225/go.mod h1:tLZgYT2LxttX7vn2MkqDI/oXP3Kno4obsg6hN4ShfuA=
github.com/aws/jsii-runtime-go v1.37.0/go.mod h1:6tZnlstx8bAB3vnLFF9n8bbkI//LDblAek9zFyMXV3E=
github.com/aws/jsii-runtime-go v1.54.0 h1:u0Yj9vhaTiyUnKT2zPFx67Q1fXWAAtk45hBhVRK+GXE=
github.com/aws/jsii-runtime-go v1.54.0/go.mod h1:9htokR2a9XpRcbNf3fwqPaTs0CpC3KJCOUDMMJvEgZQ=
github.com/aws/jsii-runtime-go v1.74.0 h1:8Ol3FA5PaBbJbCKTQhrqfImUHsfm3ClxFc5011fqjZo=
github.com/aws/jsii-runtime-go v1.74.0/go.mod h1:a4Kwj7hIHXOVtFE2swJTSb5Om9bVY3EorQRnyRyfmME=
github.com/cdklabs/awscdk-asset-awscli-go/awscliv1/v2 v2.2.66 h1:MH6Drq9BNJ/pCAxH1Z/C9YMin/Y+Xx1TcYD8kEQ6fg0=
github.com/cdklabs/awscdk-asset-awscli-go/awscliv1/v2 v2.2.66/go.mod h1:p82hlm5FlyE6brOEzGFX7qCutSS6ENYZq8cfmdxnz7c=
github.com/cdklabs/awscdk-asset-kubectl-go/kubectlv20/v2 v2.1.1 h1:l5N27aCCjAB5cgW5pI4/ujnasPL8hUcJ9KBxrKk6UiQ=
github.com/cdklabs/awscdk-asset-kubectl-go/kubectlv20/v2 v2.1.1/go.mod h1:CvFHBo0qcg8LUkJqIxQtP1rD/sNGv9bX3L2vHT2FUAo=
github.com/cdklabs/awscdk-asset-node-proxy-agent-go/nodeproxyagentv5/v2 v2.0.55 h1:9PaJRn6vOlIp/SkNN0Y+cNkQ15KRSc3eb6XkcEXUts4=
github.com/cdklabs/awscdk-asset-node-proxy-agent-go/nodeproxyagentv5/v2 v2.0.55/go.mod h1:MS7Ybp9jA3HhDp4/ahe2hUFrUcqRR8eUPv8g+Xb7snw=
github.com/davecgh/go-spew v1.1.0/go.mod h1:J7Y8YcW2NihsgmVo/mv3lAwl/skON4iLHjSsI+c5H38=
github.com/davecgh/go-spew v1.1.1 h1:vj9j/u1bqnvCEfJOwUhtlOARqs3+rkHYY13jYWTU97c=
github.com/davecgh/go-spew v1.1.1/go.mod h1:J7Y8YcW2NihsgmVo/mv3lAwl/skON4iLHjSsI+c5H38=
github.com/pmezard/go-difflib v1.0.0 h1:4DBwDE0NGyQoBHbLQYPwSUPoCMWR5BEzIk/f1lZbAQM=
github.com/pmezard/go-difflib v1.0.0/go.mod h1:iKH77koFhYxTK1pcRnkKkqfTogsbg7gZNVY4sRDYZ/4=
github.com/stretchr/objx v0.1.0/go.mod h1:HFkY916IF+rwdDfMAkV7OtwuqBVzrE8GR6GFx+wExME=
github.com/stretchr/testify v1.7.0 h1:nwc3DEeHmmLAfoZucVR881uASk0Mfjw8xYJ99tb5CcY=
github.com/stretchr/testify v1.7.0/go.mod h1:6Fq8oRcR53rry900zMqJjRRixrwX3KX962/h/Wwjteg=
github.com/stretchr/testify v1.8.1 h1:w7B6lhMri9wdJUVmEZPGGhZzrYTPvgJArz7wNPgYKsk=
gopkg.in/check.v1 v0.0.0-20161208181325-20d25e280405/go.mod h1:Co6ibVJAznAaIkqp8huTwlJQCZ016jof/cbN4VW5Yz0=
gopkg.in/yaml.v3 v3.0.0-20200313102051-9f266ea9e77c/go.mod h1:K4uyk7z7BCEPqu6E+C64Yfv1cQ7kz7rIZviUmN+EgEM=
gopkg.in/yaml.v3 v3.0.0-20210107192922-496545a6307b h1:h8qDotaEPuJATrMmW04NCwg7v22aHH28wwpauUhK9Oo=
gopkg.in/yaml.v3 v3.0.0-20210107192922-496545a6307b/go.mod h1:K4uyk7z7BCEPqu6E+C64Yfv1cQ7kz7rIZviUmN+EgEM=
gopkg.in/yaml.v3 v3.0.1 h1:fxVm/GzAzEWqLHuvctI91KS9hhNmmWOoWu0XTYJS7CA=
